Microsoft Visual Studio Solution File, Format Version 12.00
# Visual Studio Version 17
VisualStudioVersion = 17.5.2.0
MinimumVisualStudioVersion = 10.0.40219.1
Project("{FAE04EC0-301F-11D3-BF4B-00C04F79EFBC}") = "day26", "day26\day26.csproj", "{C0BA3C2E-E29F-4B16-B449-2CC5D96F38AB}"
EndProject
Global
	GlobalSection(SolutionConfigurationPlatforms) = preSolution
		Debug|Any CPU = Debug|Any CPU
		Release|Any CPU = Release|Any CPU
	EndGlobalSection
	GlobalSection(ProjectConfigurationPlatforms) = postSolution
		{C0BA3C2E-E29F-4B16-B449-2CC5D96F38AB}.Debug|Any CPU.ActiveCfg = Debug|Any CPU
		{C0BA3C2E-E29F-4B16-B449-2CC5D96F38AB}.Debug|Any CPU.Build.0 = Debug|Any CPU
		{C0BA3C2E-E29F-4B16-B449-2CC5D96F38AB}.Release|Any CPU.ActiveCfg = Release|Any CPU
		{C0BA3C2E-E29F-4B16-B449-2CC5D96F38AB}.Release|Any CPU.Build.0 = Release|Any CPU
	EndGlobalSection
	GlobalSection(SolutionProperties) = preSolution
		HideSolutionNode = FALSE
	EndGlobalSection
	GlobalSection(ExtensibilityGlobals) = postSolution
		SolutionGuid = {1D375DF6-2176-420F-B3BC-ECB49F44BC04}
	EndGlobalSection
EndGlobal
