Microsoft Visual Studio Solution File, Format Version 12.00
# Visual Studio Version 17
VisualStudioVersion = 17.5.2.0
MinimumVisualStudioVersion = 10.0.40219.1
Project("{FAE04EC0-301F-11D3-BF4B-00C04F79EFBC}") = "UnitDemo", "UnitDemo\UnitDemo.csproj", "{15D3D4C8-F6BF-504D-C6EC-71248C55DED2}"
EndProject
Global
	GlobalSection(SolutionConfigurationPlatforms) = preSolution
		Debug|Any CPU = Debug|Any CPU
		Release|Any CPU = Release|Any CPU
	EndGlobalSection
	GlobalSection(ProjectConfigurationPlatforms) = postSolution
		{15D3D4C8-F6BF-504D-C6EC-71248C55DED2}.Debug|Any CPU.ActiveCfg = Debug|Any CPU
		{15D3D4C8-F6BF-504D-C6EC-71248C55DED2}.Debug|Any CPU.Build.0 = Debug|Any CPU
		{15D3D4C8-F6BF-504D-C6EC-71248C55DED2}.Release|Any CPU.ActiveCfg = Release|Any CPU
		{15D3D4C8-F6BF-504D-C6EC-71248C55DED2}.Release|Any CPU.Build.0 = Release|Any CPU
	EndGlobalSection
	GlobalSection(SolutionProperties) = preSolution
		HideSolutionNode = FALSE
	EndGlobalSection
	GlobalSection(ExtensibilityGlobals) = postSolution
		SolutionGuid = {EDD971EC-508B-4230-96C7-7335922A90AE}
	EndGlobalSection
EndGlobal
