Microsoft Visual Studio Solution File, Format Version 12.00
# Visual Studio Version 17
VisualStudioVersion = 17.5.2.0
MinimumVisualStudioVersion = 10.0.40219.1
Project("{FAE04EC0-301F-11D3-BF4B-00C04F79EFBC}") = "KidsLearningPlatform", "KidsLearningPlatform\KidsLearningPlatform.csproj", "{D0724375-00B3-A311-9FC4-94AE0A28547B}"
EndProject
Global
	GlobalSection(SolutionConfigurationPlatforms) = preSolution
		Debug|Any CPU = Debug|Any CPU
		Release|Any CPU = Release|Any CPU
	EndGlobalSection
	GlobalSection(ProjectConfigurationPlatforms) = postSolution
		{D0724375-00B3-A311-9FC4-94AE0A28547B}.Debug|Any CPU.ActiveCfg = Debug|Any CPU
		{D0724375-00B3-A311-9FC4-94AE0A28547B}.Debug|Any CPU.Build.0 = Debug|Any CPU
		{D0724375-00B3-A311-9FC4-94AE0A28547B}.Release|Any CPU.ActiveCfg = Release|Any CPU
		{D0724375-00B3-A311-9FC4-94AE0A28547B}.Release|Any CPU.Build.0 = Release|Any CPU
	EndGlobalSection
	GlobalSection(SolutionProperties) = preSolution
		HideSolutionNode = FALSE
	EndGlobalSection
	GlobalSection(ExtensibilityGlobals) = postSolution
		SolutionGuid = {9EE9C40D-19DF-4B3B-87B5-43E046FC836E}
	EndGlobalSection
EndGlobal
