Microsoft Visual Studio Solution File, Format Version 12.00
# Visual Studio Version 17
VisualStudioVersion = 17.5.2.0
MinimumVisualStudioVersion = 10.0.40219.1
Project("{FAE04EC0-301F-11D3-BF4B-00C04F79EFBC}") = "C#Assessment", "C#Assessment\C#Assessment.csproj", "{B0AD919A-EAAE-0FC3-87EE-C9259D4697DB}"
EndProject
Global
	GlobalSection(SolutionConfigurationPlatforms) = preSolution
		Debug|Any CPU = Debug|Any CPU
		Release|Any CPU = Release|Any CPU
	EndGlobalSection
	GlobalSection(ProjectConfigurationPlatforms) = postSolution
		{B0AD919A-EAAE-0FC3-87EE-C9259D4697DB}.Debug|Any CPU.ActiveCfg = Debug|Any CPU
		{B0AD919A-EAAE-0FC3-87EE-C9259D4697DB}.Debug|Any CPU.Build.0 = Debug|Any CPU
		{B0AD919A-EAAE-0FC3-87EE-C9259D4697DB}.Release|Any CPU.ActiveCfg = Release|Any CPU
		{B0AD919A-EAAE-0FC3-87EE-C9259D4697DB}.Release|Any CPU.Build.0 = Release|Any CPU
	EndGlobalSection
	GlobalSection(SolutionProperties) = preSolution
		HideSolutionNode = FALSE
	EndGlobalSection
	GlobalSection(ExtensibilityGlobals) = postSolution
		SolutionGuid = {24C737B9-47CA-40B5-B0CC-5631D9ABC10C}
	EndGlobalSection
EndGlobal
