Microsoft Visual Studio Solution File, Format Version 12.00
# Visual Studio Version 17
VisualStudioVersion = 17.5.2.0
MinimumVisualStudioVersion = 10.0.40219.1
Project("{FAE04EC0-301F-11D3-BF4B-00C04F79EFBC}") = "console_codefirst", "console_codefirst\console_codefirst.csproj", "{1EDEED54-640C-E2D3-DC5C-CFFA79640EDA}"
EndProject
Global
	GlobalSection(SolutionConfigurationPlatforms) = preSolution
		Debug|Any CPU = Debug|Any CPU
		Release|Any CPU = Release|Any CPU
	EndGlobalSection
	GlobalSection(ProjectConfigurationPlatforms) = postSolution
		{1EDEED54-640C-E2D3-DC5C-CFFA79640EDA}.Debug|Any CPU.ActiveCfg = Debug|Any CPU
		{1EDEED54-640C-E2D3-DC5C-CFFA79640EDA}.Debug|Any CPU.Build.0 = Debug|Any CPU
		{1EDEED54-640C-E2D3-DC5C-CFFA79640EDA}.Release|Any CPU.ActiveCfg = Release|Any CPU
		{1EDEED54-640C-E2D3-DC5C-CFFA79640EDA}.Release|Any CPU.Build.0 = Release|Any CPU
	EndGlobalSection
	GlobalSection(SolutionProperties) = preSolution
		HideSolutionNode = FALSE
	EndGlobalSection
	GlobalSection(ExtensibilityGlobals) = postSolution
		SolutionGuid = {594E1CE3-6CFD-494F-B45C-8129BB1078AF}
	EndGlobalSection
EndGlobal
