Microsoft Visual Studio Solution File, Format Version 12.00
# Visual Studio Version 17
VisualStudioVersion = 17.5.2.0
MinimumVisualStudioVersion = 10.0.40219.1
Project("{FAE04EC0-301F-11D3-BF4B-00C04F79EFBC}") = "RouteBuddy", "RouteBuddy\RouteBuddy.csproj", "{EEC65DC9-A1A4-8112-23BD-034952C1715A}"
EndProject
Global
	GlobalSection(SolutionConfigurationPlatforms) = preSolution
		Debug|Any CPU = Debug|Any CPU
		Release|Any CPU = Release|Any CPU
	EndGlobalSection
	GlobalSection(ProjectConfigurationPlatforms) = postSolution
		{EEC65DC9-A1A4-8112-23BD-034952C1715A}.Debug|Any CPU.ActiveCfg = Debug|Any CPU
		{EEC65DC9-A1A4-8112-23BD-034952C1715A}.Debug|Any CPU.Build.0 = Debug|Any CPU
		{EEC65DC9-A1A4-8112-23BD-034952C1715A}.Release|Any CPU.ActiveCfg = Release|Any CPU
		{EEC65DC9-A1A4-8112-23BD-034952C1715A}.Release|Any CPU.Build.0 = Release|Any CPU
	EndGlobalSection
	GlobalSection(SolutionProperties) = preSolution
		HideSolutionNode = FALSE
	EndGlobalSection
	GlobalSection(ExtensibilityGlobals) = postSolution
		SolutionGuid = {2916D288-4585-4736-83A3-36BD59B31C13}
	EndGlobalSection
EndGlobal
