Microsoft Visual Studio Solution File, Format Version 12.00
# Visual Studio Version 17
VisualStudioVersion = 17.5.2.0
MinimumVisualStudioVersion = 10.0.40219.1
Project("{FAE04EC0-301F-11D3-BF4B-00C04F79EFBC}") = "day27_generic_try", "day27_generic_try\day27_generic_try.csproj", "{CA9A3224-3A00-4DD3-F802-3F2C7FD34ABB}"
EndProject
Global
	GlobalSection(SolutionConfigurationPlatforms) = preSolution
		Debug|Any CPU = Debug|Any CPU
		Release|Any CPU = Release|Any CPU
	EndGlobalSection
	GlobalSection(ProjectConfigurationPlatforms) = postSolution
		{CA9A3224-3A00-4DD3-F802-3F2C7FD34ABB}.Debug|Any CPU.ActiveCfg = Debug|Any CPU
		{CA9A3224-3A00-4DD3-F802-3F2C7FD34ABB}.Debug|Any CPU.Build.0 = Debug|Any CPU
		{CA9A3224-3A00-4DD3-F802-3F2C7FD34ABB}.Release|Any CPU.ActiveCfg = Release|Any CPU
		{CA9A3224-3A00-4DD3-F802-3F2C7FD34ABB}.Release|Any CPU.Build.0 = Release|Any CPU
	EndGlobalSection
	GlobalSection(SolutionProperties) = preSolution
		HideSolutionNode = FALSE
	EndGlobalSection
	GlobalSection(ExtensibilityGlobals) = postSolution
		SolutionGuid = {F6752C6A-4F7C-463F-8B1D-300CC1DDBE47}
	EndGlobalSection
EndGlobal
