Microsoft Visual Studio Solution File, Format Version 12.00
# Visual Studio Version 17
VisualStudioVersion = 17.5.2.0
MinimumVisualStudioVersion = 10.0.40219.1
Project("{FAE04EC0-301F-11D3-BF4B-00C04F79EFBC}") = "MovieReview", "MovieReview\MovieReview.csproj", "{A75C4E09-7744-822A-5CE1-40EF4F3942FB}"
EndProject
Global
	GlobalSection(SolutionConfigurationPlatforms) = preSolution
		Debug|Any CPU = Debug|Any CPU
		Release|Any CPU = Release|Any CPU
	EndGlobalSection
	GlobalSection(ProjectConfigurationPlatforms) = postSolution
		{A75C4E09-7744-822A-5CE1-40EF4F3942FB}.Debug|Any CPU.ActiveCfg = Debug|Any CPU
		{A75C4E09-7744-822A-5CE1-40EF4F3942FB}.Debug|Any CPU.Build.0 = Debug|Any CPU
		{A75C4E09-7744-822A-5CE1-40EF4F3942FB}.Release|Any CPU.ActiveCfg = Release|Any CPU
		{A75C4E09-7744-822A-5CE1-40EF4F3942FB}.Release|Any CPU.Build.0 = Release|Any CPU
	EndGlobalSection
	GlobalSection(SolutionProperties) = preSolution
		HideSolutionNode = FALSE
	EndGlobalSection
	GlobalSection(ExtensibilityGlobals) = postSolution
		SolutionGuid = {60426E8C-17AE-41AA-80B0-6AD48347D845}
	EndGlobalSection
EndGlobal
